
Microsoft Visual Studio Solution File, Format Version 12.00
# Visual Studio Version 16
VisualStudioVersion = 16.0.29613.14
MinimumVisualStudioVersion = 10.0.40219.1
Project("{FAE04EC0-301F-11D3-BF4B-00C04F79EFBC}") = "crud sem bd", "crud sem bd.csproj", "{38274F73-5CB6-4EE8-B15F-99BAB4C53BF6}"
EndProject
Global
	GlobalSection(SolutionConfigurationPlatforms) = preSolution
		Debug|Any CPU = Debug|Any CPU
		Release|Any CPU = Release|Any CPU
	EndGlobalSection
	GlobalSection(ProjectConfigurationPlatforms) = postSolution
		{38274F73-5CB6-4EE8-B15F-99BAB4C53BF6}.Debug|Any CPU.ActiveCfg = Debug|Any CPU
		{38274F73-5CB6-4EE8-B15F-99BAB4C53BF6}.Debug|Any CPU.Build.0 = Debug|Any CPU
		{38274F73-5CB6-4EE8-B15F-99BAB4C53BF6}.Release|Any CPU.ActiveCfg = Release|Any CPU
		{38274F73-5CB6-4EE8-B15F-99BAB4C53BF6}.Release|Any CPU.Build.0 = Release|Any CPU
	EndGlobalSection
	GlobalSection(SolutionProperties) = preSolution
		HideSolutionNode = FALSE
	EndGlobalSection
	GlobalSection(ExtensibilityGlobals) = postSolution
		SolutionGuid = {83E8C1BB-A462-4953-95B2-F2DB8D4E531A}
	EndGlobalSection
EndGlobal
